{
  "name": "Atlas",
  "lockfileVersion": 3,
  "requires": true,
  "packages": {
    "": {
      "dependencies": {
        "country-flag-icons": "^1.5.19",
        "country-list": "^2.3.0",
        "lucide-react": "^0.511.0",
        "react-select-country-list": "^2.2.3"
      }
    },
    "node_modules/country-flag-icons": {
      "version": "1.5.19",
      "resolved": "https://registry.npmjs.org/country-flag-icons/-/country-flag-icons-1.5.19.tgz",
      "integrity": "sha512-D/ZkRyj+ywJC6b2IrAN3/tpbReMUqmuRLlcKFoY/o0+EPQN9Ev/e8tV+D3+9scvu/tarxwLErNwS73C3yzxs/g==",
      "license": "MIT"
    },
    "node_modules/country-list": {
      "version": "2.3.0",
      "resolved": "https://registry.npmjs.org/country-list/-/country-list-2.3.0.tgz",
      "integrity": "sha512-qZk66RlmQm7fQjMYWku1AyjlKPogjPEorAZJG88owPExoPV8EsyCcuFLvO2afTXHEhi9liVOoyd+5A6ZS5QwaA==",
      "license": "MIT"
    },
    "node_modules/lucide-react": {
      "version": "0.511.0",
      "resolved": "https://registry.npmjs.org/lucide-react/-/lucide-react-0.511.0.tgz",
      "integrity": "sha512-VK5a2ydJ7xm8GvBeKLS9mu1pVK6ucef9780JVUjw6bAjJL/QXnd4Y0p7SPeOUMC27YhzNCZvm5d/QX0Tp3rc0w==",
      "license": "ISC",
      "peerDependencies": {
        "react": "^16.5.1 || ^17.0.0 || ^18.0.0 || ^19.0.0"
      }
    },
    "node_modules/react": {
      "version": "19.1.0",
      "resolved": "https://registry.npmjs.org/react/-/react-19.1.0.tgz",
      "integrity": "sha512-FS+XFBNvn3GTAWq26joslQgWNoFu08F4kl0J4CgdNKADkdSGXQyTCnKteIAJy96Br6YbpEU1LSzV5dYtjMkMDg==",
      "license": "MIT",
      "peer": true,
      "engines": {
        "node": ">=0.10.0"
      }
    },
    "node_modules/react-select-country-list": {
      "version": "2.2.3",
      "resolved": "https://registry.npmjs.org/react-select-country-list/-/react-select-country-list-2.2.3.tgz",
      "integrity": "sha512-eRgXL613dVyJiE99yKDYLvSBKDxvIlhkmvO2DVIjdKVyUQq6kBqoMUV/2zuRIAsbRXgBGmKjeL1dxjf7zTfszg==",
      "license": "MIT"
    }
  }
}
